// !$*UTF8*$!
{
	archiveVersion = 1;
	classes = {
	};
	objectVersion = 56;
	objects = {

/* Begin PBXBuildFile section */
		F071D60F2A30B50C0070DFB4 /* AppDelegate.swift in Sources */ = {isa = PBXBuildFile; fileRef = F071D60E2A30B50C0070DFB4 /* AppDelegate.swift */; };
		F071D6112A30B50C0070DFB4 /* SceneDelegate.swift in Sources */ = {isa = PBXBuildFile; fileRef = F071D6102A30B50C0070DFB4 /* SceneDelegate.swift */; };
		F071D6182A30B50D0070DFB4 /* Assets.xcassets in Resources */ = {isa = PBXBuildFile; fileRef = F071D6172A30B50D0070DFB4 /* Assets.xcassets */; };
		F071D61B2A30B50D0070DFB4 /* LaunchScreen.storyboard in Resources */ = {isa = PBXBuildFile; fileRef = F071D6192A30B50D0070DFB4 /* LaunchScreen.storyboard */; };
		F071D6312A30B8660070DFB4 /* Coordinator.swift in Sources */ = {isa = PBXBuildFile; fileRef = F071D6302A30B8660070DFB4 /* Coordinator.swift */; };
		F071D6352A30BA4F0070DFB4 /* MainTabBarController.swift in Sources */ = {isa = PBXBuildFile; fileRef = F071D6342A30BA4F0070DFB4 /* MainTabBarController.swift */; };
		F071D6372A30BA7F0070DFB4 /* MainCoordintaor.swift in Sources */ = {isa = PBXBuildFile; fileRef = F071D6362A30BA7F0070DFB4 /* MainCoordintaor.swift */; };
		F071D63B2A30BAC90070DFB4 /* HomeView.swift in Sources */ = {isa = PBXBuildFile; fileRef = F071D63A2A30BAC90070DFB4 /* HomeView.swift */; };
		F071D63D2A30BAD40070DFB4 /* HomeController.swift in Sources */ = {isa = PBXBuildFile; fileRef = F071D63C2A30BAD40070DFB4 /* HomeController.swift */; };
		F071D6402A30BAE60070DFB4 /* DetailController.swift in Sources */ = {isa = PBXBuildFile; fileRef = F071D63F2A30BAE60070DFB4 /* DetailController.swift */; };
		F071D6422A30BAF30070DFB4 /* DetailView.swift in Sources */ = {isa = PBXBuildFile; fileRef = F071D6412A30BAF30070DFB4 /* DetailView.swift */; };
		F071D6452A30BB040070DFB4 /* FavoriteController.swift in Sources */ = {isa = PBXBuildFile; fileRef = F071D6442A30BB040070DFB4 /* FavoriteController.swift */; };
		F071D6482A30BB190070DFB4 /* SettingsController.swift in Sources */ = {isa = PBXBuildFile; fileRef = F071D6472A30BB190070DFB4 /* SettingsController.swift */; };
		F071D64C2A30C1430070DFB4 /* FavoriteCoordinator.swift in Sources */ = {isa = PBXBuildFile; fileRef = F071D64B2A30C1430070DFB4 /* FavoriteCoordinator.swift */; };
		F071D64E2A30CB1E0070DFB4 /* HomeCoordinator.swift in Sources */ = {isa = PBXBuildFile; fileRef = F071D64D2A30CB1E0070DFB4 /* HomeCoordinator.swift */; };
		F071D6502A30CBDA0070DFB4 /* SettingsCoordinator.swift in Sources */ = {isa = PBXBuildFile; fileRef = F071D64F2A30CBDA0070DFB4 /* SettingsCoordinator.swift */; };
		F071D6522A30CDB70070DFB4 /* AppCoordinator.swift in Sources */ = {isa = PBXBuildFile; fileRef = F071D6512A30CDB70070DFB4 /* AppCoordinator.swift */; };
		F071D6582A30D2DC0070DFB4 /* UIColor+HexString.swift in Sources */ = {isa = PBXBuildFile; fileRef = F071D6572A30D2DC0070DFB4 /* UIColor+HexString.swift */; };
		F071D65B2A30D3DD0070DFB4 /* HomeCollectionHeaderView.swift in Sources */ = {isa = PBXBuildFile; fileRef = F071D65A2A30D3DD0070DFB4 /* HomeCollectionHeaderView.swift */; };
		F071D65E2A30D4C80070DFB4 /* HeaderCollectionCell.swift in Sources */ = {isa = PBXBuildFile; fileRef = F071D65D2A30D4C80070DFB4 /* HeaderCollectionCell.swift */; };
		F071D6612A30DB2F0070DFB4 /* HomeCollectionCell.swift in Sources */ = {isa = PBXBuildFile; fileRef = F071D6602A30DB2F0070DFB4 /* HomeCollectionCell.swift */; };
		F071D6672A30DEB40070DFB4 /* GenreCell.swift in Sources */ = {isa = PBXBuildFile; fileRef = F071D6662A30DEB40070DFB4 /* GenreCell.swift */; };
		F071D66D2A310D8D0070DFB4 /* NetworkConstants.swift in Sources */ = {isa = PBXBuildFile; fileRef = F071D66C2A310D8D0070DFB4 /* NetworkConstants.swift */; };
		F071D66F2A310DC40070DFB4 /* NetworkAPIConstants.swift in Sources */ = {isa = PBXBuildFile; fileRef = F071D66E2A310DC40070DFB4 /* NetworkAPIConstants.swift */; };
		F071D6722A310E1C0070DFB4 /* Alamofire in Frameworks */ = {isa = PBXBuildFile; productRef = F071D6712A310E1C0070DFB4 /* Alamofire */; };
		F071D6742A310E3C0070DFB4 /* NetworkEndPointCases.swift in Sources */ = {isa = PBXBuildFile; fileRef = F071D6732A310E3C0070DFB4 /* NetworkEndPointCases.swift */; };
		F071D6762A310E760070DFB4 /* NetworkEndPoint.swift in Sources */ = {isa = PBXBuildFile; fileRef = F071D6752A310E760070DFB4 /* NetworkEndPoint.swift */; };
		F071D6792A3112730070DFB4 /* NetworkManager.swift in Sources */ = {isa = PBXBuildFile; fileRef = F071D6782A3112730070DFB4 /* NetworkManager.swift */; };
		F071D67B2A3113F80070DFB4 /* NetworkService.swift in Sources */ = {isa = PBXBuildFile; fileRef = F071D67A2A3113F80070DFB4 /* NetworkService.swift */; };
		F071D67D2A31159C0070DFB4 /* MovieModel.swift in Sources */ = {isa = PBXBuildFile; fileRef = F071D67C2A31159C0070DFB4 /* MovieModel.swift */; };
		F071D67F2A3116570070DFB4 /* HomeViewModel.swift in Sources */ = {isa = PBXBuildFile; fileRef = F071D67E2A3116570070DFB4 /* HomeViewModel.swift */; };
		F071D6812A31C1F20070DFB4 /* UIImageView+SetImage.swift in Sources */ = {isa = PBXBuildFile; fileRef = F071D6802A31C1F20070DFB4 /* UIImageView+SetImage.swift */; };
		F071D6862A31CC330070DFB4 /* HomeCollectionCellModel.swift in Sources */ = {isa = PBXBuildFile; fileRef = F071D6852A31CC330070DFB4 /* HomeCollectionCellModel.swift */; };
		F071D68A2A31D24D0070DFB4 /* HomeCollectionHeaderViewModel.swift in Sources */ = {isa = PBXBuildFile; fileRef = F071D6892A31D24D0070DFB4 /* HomeCollectionHeaderViewModel.swift */; };
		F071D68F2A31E7FC0070DFB4 /* DetailViewModel.swift in Sources */ = {isa = PBXBuildFile; fileRef = F071D68E2A31E7FC0070DFB4 /* DetailViewModel.swift */; };
		F071D6942A31EBB20070DFB4 /* DetailModel.swift in Sources */ = {isa = PBXBuildFile; fileRef = F071D6932A31EBB20070DFB4 /* DetailModel.swift */; };
		F071D6982A3205130070DFB4 /* DVLabel.swift in Sources */ = {isa = PBXBuildFile; fileRef = F071D6972A3205130070DFB4 /* DVLabel.swift */; };
		F071D69B2A3207A80070DFB4 /* CastCollectionCell.swift in Sources */ = {isa = PBXBuildFile; fileRef = F071D69A2A3207A80070DFB4 /* CastCollectionCell.swift */; };
		F071D69E2A321B6E0070DFB4 /* YouTubeiOSPlayerHelper in Frameworks */ = {isa = PBXBuildFile; productRef = F071D69D2A321B6E0070DFB4 /* YouTubeiOSPlayerHelper */; };
		F071D6A02A32235A0070DFB4 /* Double+RoundToDecimal.swift in Sources */ = {isa = PBXBuildFile; fileRef = F071D69F2A32235A0070DFB4 /* Double+RoundToDecimal.swift */; };
		F071D6A42A3236DB0070DFB4 /* VideoModel.swift in Sources */ = {isa = PBXBuildFile; fileRef = F071D6A32A3236DB0070DFB4 /* VideoModel.swift */; };
		F071D6A62A323E000070DFB4 /* CastModel.swift in Sources */ = {isa = PBXBuildFile; fileRef = F071D6A52A323E000070DFB4 /* CastModel.swift */; };
/* End PBXBuildFile section */

/* Begin PBXFileReference section */
		F071D60B2A30B50C0070DFB4 /* Ekrem_Alkan_Helikanon_Case.app */ = {isa = PBXFileReference; explicitFileType = wrapper.application; includeInIndex = 0; path = Ekrem_Alkan_Helikanon_Case.app; sourceTree = BUILT_PRODUCTS_DIR; };
		F071D60E2A30B50C0070DFB4 /* AppDelegate.swift */ = {isa = PBXFileReference; lastKnownFileType = sourcecode.swift; path = AppDelegate.swift; sourceTree = "<group>"; };
		F071D6102A30B50C0070DFB4 /* SceneDelegate.swift */ = {isa = PBXFileReference; lastKnownFileType = sourcecode.swift; path = SceneDelegate.swift; sourceTree = "<group>"; };
		F071D6172A30B50D0070DFB4 /* Assets.xcassets */ = {isa = PBXFileReference; lastKnownFileType = folder.assetcatalog; path = Assets.xcassets; sourceTree = "<group>"; };
		F071D61A2A30B50D0070DFB4 /* Base */ = {isa = PBXFileReference; lastKnownFileType = file.storyboard; name = Base; path = Base.lproj/LaunchScreen.storyboard; sourceTree = "<group>"; };
		F071D61C2A30B50D0070DFB4 /* Info.plist */ = {isa = PBXFileReference; lastKnownFileType = text.plist.xml; path = Info.plist; sourceTree = "<group>"; };
		F071D6302A30B8660070DFB4 /* Coordinator.swift */ = {isa = PBXFileReference; lastKnownFileType = sourcecode.swift; path = Coordinator.swift; sourceTree = "<group>"; };
		F071D6342A30BA4F0070DFB4 /* MainTabBarController.swift */ = {isa = PBXFileReference; lastKnownFileType = sourcecode.swift; path = MainTabBarController.swift; sourceTree = "<group>"; };
		F071D6362A30BA7F0070DFB4 /* MainCoordintaor.swift */ = {isa = PBXFileReference; lastKnownFileType = sourcecode.swift; path = MainCoordintaor.swift; sourceTree = "<group>"; };
		F071D63A2A30BAC90070DFB4 /* HomeView.swift */ = {isa = PBXFileReference; lastKnownFileType = sourcecode.swift; path = HomeView.swift; sourceTree = "<group>"; };
		F071D63C2A30BAD40070DFB4 /* HomeController.swift */ = {isa = PBXFileReference; lastKnownFileType = sourcecode.swift; path = HomeController.swift; sourceTree = "<group>"; };
		F071D63F2A30BAE60070DFB4 /* DetailController.swift */ = {isa = PBXFileReference; lastKnownFileType = sourcecode.swift; path = DetailController.swift; sourceTree = "<group>"; };
		F071D6412A30BAF30070DFB4 /* DetailView.swift */ = {isa = PBXFileReference; lastKnownFileType = sourcecode.swift; path = DetailView.swift; sourceTree = "<group>"; };
		F071D6442A30BB040070DFB4 /* FavoriteController.swift */ = {isa = PBXFileReference; lastKnownFileType = sourcecode.swift; path = FavoriteController.swift; sourceTree = "<group>"; };
		F071D6472A30BB190070DFB4 /* SettingsController.swift */ = {isa = PBXFileReference; lastKnownFileType = sourcecode.swift; path = SettingsController.swift; sourceTree = "<group>"; };
		F071D64B2A30C1430070DFB4 /* FavoriteCoordinator.swift */ = {isa = PBXFileReference; lastKnownFileType = sourcecode.swift; path = FavoriteCoordinator.swift; sourceTree = "<group>"; };
		F071D64D2A30CB1E0070DFB4 /* HomeCoordinator.swift */ = {isa = PBXFileReference; lastKnownFileType = sourcecode.swift; path = HomeCoordinator.swift; sourceTree = "<group>"; };
		F071D64F2A30CBDA0070DFB4 /* SettingsCoordinator.swift */ = {isa = PBXFileReference; lastKnownFileType = sourcecode.swift; path = SettingsCoordinator.swift; sourceTree = "<group>"; };
		F071D6512A30CDB70070DFB4 /* AppCoordinator.swift */ = {isa = PBXFileReference; lastKnownFileType = sourcecode.swift; path = AppCoordinator.swift; sourceTree = "<group>"; };
		F071D6572A30D2DC0070DFB4 /* UIColor+HexString.swift */ = {isa = PBXFileReference; lastKnownFileType = sourcecode.swift; path = "UIColor+HexString.swift"; sourceTree = "<group>"; };
		F071D65A2A30D3DD0070DFB4 /* HomeCollectionHeaderView.swift */ = {isa = PBXFileReference; lastKnownFileType = sourcecode.swift; path = HomeCollectionHeaderView.swift; sourceTree = "<group>"; };
		F071D65D2A30D4C80070DFB4 /* HeaderCollectionCell.swift */ = {isa = PBXFileReference; lastKnownFileType = sourcecode.swift; path = HeaderCollectionCell.swift; sourceTree = "<group>"; };
		F071D6602A30DB2F0070DFB4 /* HomeCollectionCell.swift */ = {isa = PBXFileReference; lastKnownFileType = sourcecode.swift; path = HomeCollectionCell.swift; sourceTree = "<group>"; };
		F071D6662A30DEB40070DFB4 /* GenreCell.swift */ = {isa = PBXFileReference; lastKnownFileType = sourcecode.swift; path = GenreCell.swift; sourceTree = "<group>"; };
		F071D66C2A310D8D0070DFB4 /* NetworkConstants.swift */ = {isa = PBXFileReference; lastKnownFileType = sourcecode.swift; path = NetworkConstants.swift; sourceTree = "<group>"; };
		F071D66E2A310DC40070DFB4 /* NetworkAPIConstants.swift */ = {isa = PBXFileReference; lastKnownFileType = sourcecode.swift; path = NetworkAPIConstants.swift; sourceTree = "<group>"; };
		F071D6732A310E3C0070DFB4 /* NetworkEndPointCases.swift */ = {isa = PBXFileReference; lastKnownFileType = sourcecode.swift; path = NetworkEndPointCases.swift; sourceTree = "<group>"; };
		F071D6752A310E760070DFB4 /* NetworkEndPoint.swift */ = {isa = PBXFileReference; lastKnownFileType = sourcecode.swift; path = NetworkEndPoint.swift; sourceTree = "<group>"; };
		F071D6782A3112730070DFB4 /* NetworkManager.swift */ = {isa = PBXFileReference; lastKnownFileType = sourcecode.swift; path = NetworkManager.swift; sourceTree = "<group>"; };
		F071D67A2A3113F80070DFB4 /* NetworkService.swift */ = {isa = PBXFileReference; lastKnownFileType = sourcecode.swift; path = NetworkService.swift; sourceTree = "<group>"; };
		F071D67C2A31159C0070DFB4 /* MovieModel.swift */ = {isa = PBXFileReference; lastKnownFileType = sourcecode.swift; path = MovieModel.swift; sourceTree = "<group>"; };
		F071D67E2A3116570070DFB4 /* HomeViewModel.swift */ = {isa = PBXFileReference; lastKnownFileType = sourcecode.swift; path = HomeViewModel.swift; sourceTree = "<group>"; };
		F071D6802A31C1F20070DFB4 /* UIImageView+SetImage.swift */ = {isa = PBXFileReference; lastKnownFileType = sourcecode.swift; path = "UIImageView+SetImage.swift"; sourceTree = "<group>"; };
		F071D6852A31CC330070DFB4 /* HomeCollectionCellModel.swift */ = {isa = PBXFileReference; lastKnownFileType = sourcecode.swift; path = HomeCollectionCellModel.swift; sourceTree = "<group>"; };
		F071D6892A31D24D0070DFB4 /* HomeCollectionHeaderViewModel.swift */ = {isa = PBXFileReference; lastKnownFileType = sourcecode.swift; path = HomeCollectionHeaderViewModel.swift; sourceTree = "<group>"; };
		F071D68E2A31E7FC0070DFB4 /* DetailViewModel.swift */ = {isa = PBXFileReference; lastKnownFileType = sourcecode.swift; path = DetailViewModel.swift; sourceTree = "<group>"; };
		F071D6932A31EBB20070DFB4 /* DetailModel.swift */ = {isa = PBXFileReference; lastKnownFileType = sourcecode.swift; path = DetailModel.swift; sourceTree = "<group>"; };
		F071D6972A3205130070DFB4 /* DVLabel.swift */ = {isa = PBXFileReference; lastKnownFileType = sourcecode.swift; path = DVLabel.swift; sourceTree = "<group>"; };
		F071D69A2A3207A80070DFB4 /* CastCollectionCell.swift */ = {isa = PBXFileReference; lastKnownFileType = sourcecode.swift; path = CastCollectionCell.swift; sourceTree = "<group>"; };
		F071D69F2A32235A0070DFB4 /* Double+RoundToDecimal.swift */ = {isa = PBXFileReference; lastKnownFileType = sourcecode.swift; path = "Double+RoundToDecimal.swift"; sourceTree = "<group>"; };
		F071D6A32A3236DB0070DFB4 /* VideoModel.swift */ = {isa = PBXFileReference; lastKnownFileType = sourcecode.swift; path = VideoModel.swift; sourceTree = "<group>"; };
		F071D6A52A323E000070DFB4 /* CastModel.swift */ = {isa = PBXFileReference; lastKnownFileType = sourcecode.swift; path = CastModel.swift; sourceTree = "<group>"; };
/* End PBXFileReference section */

/* Begin PBXFrameworksBuildPhase section */
		F071D6082A30B50C0070DFB4 /* Frameworks */ = {
			isa = PBXFrameworksBuildPhase;
			buildActionMask = 2147483647;
			files = (
				F071D6722A310E1C0070DFB4 /* Alamofire in Frameworks */,
				F071D69E2A321B6E0070DFB4 /* YouTubeiOSPlayerHelper in Frameworks */,
			);
			runOnlyForDeploymentPostprocessing = 0;
		};
/* End PBXFrameworksBuildPhase section */

/* Begin PBXGroup section */
		F071D6022A30B50C0070DFB4 = {
			isa = PBXGroup;
			children = (
				F071D60D2A30B50C0070DFB4 /* Ekrem_Alkan_Helikanon_Case */,
				F071D60C2A30B50C0070DFB4 /* Products */,
			);
			sourceTree = "<group>";
		};
		F071D60C2A30B50C0070DFB4 /* Products */ = {
			isa = PBXGroup;
			children = (
				F071D60B2A30B50C0070DFB4 /* Ekrem_Alkan_Helikanon_Case.app */,
			);
			name = Products;
			sourceTree = "<group>";
		};
		F071D60D2A30B50C0070DFB4 /* Ekrem_Alkan_Helikanon_Case */ = {
			isa = PBXGroup;
			children = (
				F071D6222A30B5130070DFB4 /* App */,
				F071D6542A30D2B90070DFB4 /* Helpers */,
				F071D6262A30B7D70070DFB4 /* Scenes */,
				F071D6682A310D490070DFB4 /* Network */,
				F071D6232A30B5240070DFB4 /* Resources */,
				F071D6242A30B5380070DFB4 /* Support */,
			);
			path = Ekrem_Alkan_Helikanon_Case;
			sourceTree = "<group>";
		};
		F071D6222A30B5130070DFB4 /* App */ = {
			isa = PBXGroup;
			children = (
				F071D6102A30B50C0070DFB4 /* SceneDelegate.swift */,
				F071D60E2A30B50C0070DFB4 /* AppDelegate.swift */,
				F071D6512A30CDB70070DFB4 /* AppCoordinator.swift */,
			);
			path = App;
			sourceTree = "<group>";
		};
		F071D6232A30B5240070DFB4 /* Resources */ = {
			isa = PBXGroup;
			children = (
				F071D6172A30B50D0070DFB4 /* Assets.xcassets */,
				F071D6192A30B50D0070DFB4 /* LaunchScreen.storyboard */,
			);
			path = Resources;
			sourceTree = "<group>";
		};
		F071D6242A30B5380070DFB4 /* Support */ = {
			isa = PBXGroup;
			children = (
				F071D61C2A30B50D0070DFB4 /* Info.plist */,
			);
			path = Support;
			sourceTree = "<group>";
		};
		F071D6262A30B7D70070DFB4 /* Scenes */ = {
			isa = PBXGroup;
			children = (
				F071D6322A30B9D80070DFB4 /* TabBar */,
				F071D6272A30B7DD0070DFB4 /* Home */,
				F071D6282A30B82B0070DFB4 /* Detail */,
				F071D6382A30BA9F0070DFB4 /* Favorite */,
				F071D6392A30BAAF0070DFB4 /* Settings */,
			);
			path = Scenes;
			sourceTree = "<group>";
		};
		F071D6272A30B7DD0070DFB4 /* Home */ = {
			isa = PBXGroup;
			children = (
				F071D64D2A30CB1E0070DFB4 /* HomeCoordinator.swift */,
				F071D62B2A30B83D0070DFB4 /* Model */,
				F071D6292A30B8330070DFB4 /* View */,
				F071D62A2A30B8370070DFB4 /* ViewModel */,
			);
			path = Home;
			sourceTree = "<group>";
		};
		F071D6282A30B82B0070DFB4 /* Detail */ = {
			isa = PBXGroup;
			children = (
				F071D6902A31EB970070DFB4 /* Model */,
				F071D63E2A30BADA0070DFB4 /* View */,
				F071D68B2A31E7DE0070DFB4 /* ViewModel */,
			);
			path = Detail;
			sourceTree = "<group>";
		};
		F071D6292A30B8330070DFB4 /* View */ = {
			isa = PBXGroup;
			children = (
				F071D6622A30DE6F0070DFB4 /* Cells */,
				F071D6592A30D3AA0070DFB4 /* Header */,
				F071D63A2A30BAC90070DFB4 /* HomeView.swift */,
				F071D63C2A30BAD40070DFB4 /* HomeController.swift */,
			);
			path = View;
			sourceTree = "<group>";
		};
		F071D62A2A30B8370070DFB4 /* ViewModel */ = {
			isa = PBXGroup;
			children = (
				F071D67E2A3116570070DFB4 /* HomeViewModel.swift */,
			);
			path = ViewModel;
			sourceTree = "<group>";
		};
		F071D62B2A30B83D0070DFB4 /* Model */ = {
			isa = PBXGroup;
			children = (
				F071D67C2A31159C0070DFB4 /* MovieModel.swift */,
			);
			path = Model;
			sourceTree = "<group>";
		};
		F071D62F2A30B85A0070DFB4 /* Protocols */ = {
			isa = PBXGroup;
			children = (
				F071D6302A30B8660070DFB4 /* Coordinator.swift */,
			);
			path = Protocols;
			sourceTree = "<group>";
		};
		F071D6322A30B9D80070DFB4 /* TabBar */ = {
			isa = PBXGroup;
			children = (
				F071D6362A30BA7F0070DFB4 /* MainCoordintaor.swift */,
				F071D6332A30BA320070DFB4 /* View */,
			);
			path = TabBar;
			sourceTree = "<group>";
		};
		F071D6332A30BA320070DFB4 /* View */ = {
			isa = PBXGroup;
			children = (
				F071D6342A30BA4F0070DFB4 /* MainTabBarController.swift */,
			);
			path = View;
			sourceTree = "<group>";
		};
		F071D6382A30BA9F0070DFB4 /* Favorite */ = {
			isa = PBXGroup;
			children = (
				F071D64B2A30C1430070DFB4 /* FavoriteCoordinator.swift */,
				F071D6432A30BAF80070DFB4 /* View */,
			);
			path = Favorite;
			sourceTree = "<group>";
		};
		F071D6392A30BAAF0070DFB4 /* Settings */ = {
			isa = PBXGroup;
			children = (
				F071D64F2A30CBDA0070DFB4 /* SettingsCoordinator.swift */,
				F071D6462A30BB090070DFB4 /* View */,
			);
			path = Settings;
			sourceTree = "<group>";
		};
		F071D63E2A30BADA0070DFB4 /* View */ = {
			isa = PBXGroup;
			children = (
				F071D6992A32078C0070DFB4 /* Cell */,
				F071D63F2A30BAE60070DFB4 /* DetailController.swift */,
				F071D6412A30BAF30070DFB4 /* DetailView.swift */,
			);
			path = View;
			sourceTree = "<group>";
		};
		F071D6432A30BAF80070DFB4 /* View */ = {
			isa = PBXGroup;
			children = (
				F071D6442A30BB040070DFB4 /* FavoriteController.swift */,
			);
			path = View;
			sourceTree = "<group>";
		};
		F071D6462A30BB090070DFB4 /* View */ = {
			isa = PBXGroup;
			children = (
				F071D6472A30BB190070DFB4 /* SettingsController.swift */,
			);
			path = View;
			sourceTree = "<group>";
		};
		F071D6542A30D2B90070DFB4 /* Helpers */ = {
			isa = PBXGroup;
			children = (
				F071D6952A3204DE0070DFB4 /* Components */,
				F071D6562A30D2C80070DFB4 /* Extensions */,
				F071D62F2A30B85A0070DFB4 /* Protocols */,
			);
			path = Helpers;
			sourceTree = "<group>";
		};
		F071D6562A30D2C80070DFB4 /* Extensions */ = {
			isa = PBXGroup;
			children = (
				F071D6572A30D2DC0070DFB4 /* UIColor+HexString.swift */,
				F071D6802A31C1F20070DFB4 /* UIImageView+SetImage.swift */,
				F071D69F2A32235A0070DFB4 /* Double+RoundToDecimal.swift */,
			);
			path = Extensions;
			sourceTree = "<group>";
		};
		F071D6592A30D3AA0070DFB4 /* Header */ = {
			isa = PBXGroup;
			children = (
				F071D6872A31D2180070DFB4 /* View */,
				F071D6882A31D2230070DFB4 /* ViewModel */,
			);
			path = Header;
			sourceTree = "<group>";
		};
		F071D65C2A30D4B30070DFB4 /* Cell */ = {
			isa = PBXGroup;
			children = (
				F071D65D2A30D4C80070DFB4 /* HeaderCollectionCell.swift */,
			);
			path = Cell;
			sourceTree = "<group>";
		};
		F071D6622A30DE6F0070DFB4 /* Cells */ = {
			isa = PBXGroup;
			children = (
				F071D6632A30DE850070DFB4 /* HomeCollectionCell */,
			);
			path = Cells;
			sourceTree = "<group>";
		};
		F071D6632A30DE850070DFB4 /* HomeCollectionCell */ = {
			isa = PBXGroup;
			children = (
				F071D6662A30DEB40070DFB4 /* GenreCell.swift */,
				F071D6842A31CC230070DFB4 /* Model */,
				F071D6642A30DE900070DFB4 /* View */,
			);
			path = HomeCollectionCell;
			sourceTree = "<group>";
		};
		F071D6642A30DE900070DFB4 /* View */ = {
			isa = PBXGroup;
			children = (
				F071D6602A30DB2F0070DFB4 /* HomeCollectionCell.swift */,
			);
			path = View;
			sourceTree = "<group>";
		};
		F071D6682A310D490070DFB4 /* Network */ = {
			isa = PBXGroup;
			children = (
				F071D66B2A310D7A0070DFB4 /* Core */,
				F071D6692A310D500070DFB4 /* Service */,
			);
			path = Network;
			sourceTree = "<group>";
		};
		F071D6692A310D500070DFB4 /* Service */ = {
			isa = PBXGroup;
			children = (
				F071D67A2A3113F80070DFB4 /* NetworkService.swift */,
			);
			path = Service;
			sourceTree = "<group>";
		};
		F071D66B2A310D7A0070DFB4 /* Core */ = {
			isa = PBXGroup;
			children = (
				F071D66C2A310D8D0070DFB4 /* NetworkConstants.swift */,
				F071D6752A310E760070DFB4 /* NetworkEndPoint.swift */,
				F071D6732A310E3C0070DFB4 /* NetworkEndPointCases.swift */,
				F071D66E2A310DC40070DFB4 /* NetworkAPIConstants.swift */,
				F071D6782A3112730070DFB4 /* NetworkManager.swift */,
			);
			path = Core;
			sourceTree = "<group>";
		};
		F071D6842A31CC230070DFB4 /* Model */ = {
			isa = PBXGroup;
			children = (
				F071D6852A31CC330070DFB4 /* HomeCollectionCellModel.swift */,
			);
			path = Model;
			sourceTree = "<group>";
		};
		F071D6872A31D2180070DFB4 /* View */ = {
			isa = PBXGroup;
			children = (
				F071D65C2A30D4B30070DFB4 /* Cell */,
				F071D65A2A30D3DD0070DFB4 /* HomeCollectionHeaderView.swift */,
			);
			name = View;
			path = "vİEW";
			sourceTree = "<group>";
		};
		F071D6882A31D2230070DFB4 /* ViewModel */ = {
			isa = PBXGroup;
			children = (
				F071D6892A31D24D0070DFB4 /* HomeCollectionHeaderViewModel.swift */,
			);
			path = ViewModel;
			sourceTree = "<group>";
		};
		F071D68B2A31E7DE0070DFB4 /* ViewModel */ = {
			isa = PBXGroup;
			children = (
				F071D68E2A31E7FC0070DFB4 /* DetailViewModel.swift */,
			);
			path = ViewModel;
			sourceTree = "<group>";
		};
		F071D6902A31EB970070DFB4 /* Model */ = {
			isa = PBXGroup;
			children = (
				F071D6932A31EBB20070DFB4 /* DetailModel.swift */,
				F071D6A32A3236DB0070DFB4 /* VideoModel.swift */,
				F071D6A52A323E000070DFB4 /* CastModel.swift */,
			);
			path = Model;
			sourceTree = "<group>";
		};
		F071D6952A3204DE0070DFB4 /* Components */ = {
			isa = PBXGroup;
			children = (
				F071D6962A3204E40070DFB4 /* Label */,
			);
			path = Components;
			sourceTree = "<group>";
		};
		F071D6962A3204E40070DFB4 /* Label */ = {
			isa = PBXGroup;
			children = (
				F071D6972A3205130070DFB4 /* DVLabel.swift */,
			);
			path = Label;
			sourceTree = "<group>";
		};
		F071D6992A32078C0070DFB4 /* Cell */ = {
			isa = PBXGroup;
			children = (
				F071D69A2A3207A80070DFB4 /* CastCollectionCell.swift */,
			);
			path = Cell;
			sourceTree = "<group>";
		};
/* End PBXGroup section */

/* Begin PBXNativeTarget section */
		F071D60A2A30B50C0070DFB4 /* Ekrem_Alkan_Helikanon_Case */ = {
			isa = PBXNativeTarget;
			buildConfigurationList = F071D61F2A30B50D0070DFB4 /* Build configuration list for PBXNativeTarget "Ekrem_Alkan_Helikanon_Case" */;
			buildPhases = (
				F071D6072A30B50C0070DFB4 /* Sources */,
				F071D6082A30B50C0070DFB4 /* Frameworks */,
				F071D6092A30B50C0070DFB4 /* Resources */,
			);
			buildRules = (
			);
			dependencies = (
			);
			name = Ekrem_Alkan_Helikanon_Case;
			packageProductDependencies = (
				F071D6712A310E1C0070DFB4 /* Alamofire */,
				F071D69D2A321B6E0070DFB4 /* YouTubeiOSPlayerHelper */,
			);
			productName = Ekrem_Alkan_Helikanon_Case;
			productReference = F071D60B2A30B50C0070DFB4 /* Ekrem_Alkan_Helikanon_Case.app */;
			productType = "com.apple.product-type.application";
		};
/* End PBXNativeTarget section */

/* Begin PBXProject section */
		F071D6032A30B50C0070DFB4 /* Project object */ = {
			isa = PBXProject;
			attributes = {
				BuildIndependentTargetsInParallel = 1;
				LastSwiftUpdateCheck = 1430;
				LastUpgradeCheck = 1430;
				TargetAttributes = {
					F071D60A2A30B50C0070DFB4 = {
						CreatedOnToolsVersion = 14.3.1;
					};
				};
			};
			buildConfigurationList = F071D6062A30B50C0070DFB4 /* Build configuration list for PBXProject "Ekrem_Alkan_Helikanon_Case" */;
			compatibilityVersion = "Xcode 14.0";
			developmentRegion = en;
			hasScannedForEncodings = 0;
			knownRegions = (
				en,
				Base,
			);
			mainGroup = F071D6022A30B50C0070DFB4;
			packageReferences = (
				F071D6702A310E1C0070DFB4 /* XCRemoteSwiftPackageReference "Alamofire" */,
				F071D69C2A321B6E0070DFB4 /* XCRemoteSwiftPackageReference "youtube-ios-player-helper" */,
			);
			productRefGroup = F071D60C2A30B50C0070DFB4 /* Products */;
			projectDirPath = "";
			projectRoot = "";
			targets = (
				F071D60A2A30B50C0070DFB4 /* Ekrem_Alkan_Helikanon_Case */,
			);
		};
/* End PBXProject section */

/* Begin PBXResourcesBuildPhase section */
		F071D6092A30B50C0070DFB4 /* Resources */ = {
			isa = PBXResourcesBuildPhase;
			buildActionMask = 2147483647;
			files = (
				F071D61B2A30B50D0070DFB4 /* LaunchScreen.storyboard in Resources */,
				F071D6182A30B50D0070DFB4 /* Assets.xcassets in Resources */,
			);
			runOnlyForDeploymentPostprocessing = 0;
		};
/* End PBXResourcesBuildPhase section */

/* Begin PBXSourcesBuildPhase section */
		F071D6072A30B50C0070DFB4 /* Sources */ = {
			isa = PBXSourcesBuildPhase;
			buildActionMask = 2147483647;
			files = (
				F071D66D2A310D8D0070DFB4 /* NetworkConstants.swift in Sources */,
				F071D6402A30BAE60070DFB4 /* DetailController.swift in Sources */,
				F071D6422A30BAF30070DFB4 /* DetailView.swift in Sources */,
				F071D6762A310E760070DFB4 /* NetworkEndPoint.swift in Sources */,
				F071D6372A30BA7F0070DFB4 /* MainCoordintaor.swift in Sources */,
				F071D6672A30DEB40070DFB4 /* GenreCell.swift in Sources */,
				F071D6742A310E3C0070DFB4 /* NetworkEndPointCases.swift in Sources */,
				F071D68A2A31D24D0070DFB4 /* HomeCollectionHeaderViewModel.swift in Sources */,
				F071D66F2A310DC40070DFB4 /* NetworkAPIConstants.swift in Sources */,
				F071D6942A31EBB20070DFB4 /* DetailModel.swift in Sources */,
				F071D6A02A32235A0070DFB4 /* Double+RoundToDecimal.swift in Sources */,
				F071D6352A30BA4F0070DFB4 /* MainTabBarController.swift in Sources */,
				F071D65E2A30D4C80070DFB4 /* HeaderCollectionCell.swift in Sources */,
				F071D63D2A30BAD40070DFB4 /* HomeController.swift in Sources */,
				F071D6612A30DB2F0070DFB4 /* HomeCollectionCell.swift in Sources */,
				F071D6482A30BB190070DFB4 /* SettingsController.swift in Sources */,
				F071D6582A30D2DC0070DFB4 /* UIColor+HexString.swift in Sources */,
				F071D68F2A31E7FC0070DFB4 /* DetailViewModel.swift in Sources */,
				F071D6452A30BB040070DFB4 /* FavoriteController.swift in Sources */,
				F071D60F2A30B50C0070DFB4 /* AppDelegate.swift in Sources */,
				F071D64E2A30CB1E0070DFB4 /* HomeCoordinator.swift in Sources */,
				F071D64C2A30C1430070DFB4 /* FavoriteCoordinator.swift in Sources */,
				F071D6812A31C1F20070DFB4 /* UIImageView+SetImage.swift in Sources */,
				F071D6982A3205130070DFB4 /* DVLabel.swift in Sources */,
				F071D69B2A3207A80070DFB4 /* CastCollectionCell.swift in Sources */,
				F071D6A42A3236DB0070DFB4 /* VideoModel.swift in Sources */,
				F071D67D2A31159C0070DFB4 /* MovieModel.swift in Sources */,
				F071D63B2A30BAC90070DFB4 /* HomeView.swift in Sources */,
				F071D65B2A30D3DD0070DFB4 /* HomeCollectionHeaderView.swift in Sources */,
				F071D6502A30CBDA0070DFB4 /* SettingsCoordinator.swift in Sources */,
				F071D6522A30CDB70070DFB4 /* AppCoordinator.swift in Sources */,
				F071D6862A31CC330070DFB4 /* HomeCollectionCellModel.swift in Sources */,
				F071D6A62A323E000070DFB4 /* CastModel.swift in Sources */,
				F071D67F2A3116570070DFB4 /* HomeViewModel.swift in Sources */,
				F071D6792A3112730070DFB4 /* NetworkManager.swift in Sources */,
				F071D6112A30B50C0070DFB4 /* SceneDelegate.swift in Sources */,
				F071D67B2A3113F80070DFB4 /* NetworkService.swift in Sources */,
				F071D6312A30B8660070DFB4 /* Coordinator.swift in Sources */,
			);
			runOnlyForDeploymentPostprocessing = 0;
		};
/* End PBXSourcesBuildPhase section */

/* Begin PBXVariantGroup section */
		F071D6192A30B50D0070DFB4 /* LaunchScreen.storyboard */ = {
			isa = PBXVariantGroup;
			children = (
				F071D61A2A30B50D0070DFB4 /* Base */,
			);
			name = LaunchScreen.storyboard;
			sourceTree = "<group>";
		};
/* End PBXVariantGroup section */

/* Begin XCBuildConfiguration section */
		F071D61D2A30B50D0070DFB4 /* Debug */ = {
			isa = XCBuildConfiguration;
			buildSettings = {
				ALWAYS_SEARCH_USER_PATHS = NO;
				CLANG_ANALYZER_NONNULL = YES;
				CLANG_ANALYZER_NUMBER_OBJECT_CONVERSION = YES_AGGRESSIVE;
				CLANG_CXX_LANGUAGE_STANDARD = "gnu++20";
				CLANG_ENABLE_MODULES = YES;
				CLANG_ENABLE_OBJC_ARC = YES;
				CLANG_ENABLE_OBJC_WEAK = YES;
				CLANG_WARN_BLOCK_CAPTURE_AUTORELEASING = YES;
				CLANG_WARN_BOOL_CONVERSION = YES;
				CLANG_WARN_COMMA = YES;
				CLANG_WARN_CONSTANT_CONVERSION = YES;
				CLANG_WARN_DEPRECATED_OBJC_IMPLEMENTATIONS = YES;
				CLANG_WARN_DIRECT_OBJC_ISA_USAGE = YES_ERROR;
				CLANG_WARN_DOCUMENTATION_COMMENTS = YES;
				CLANG_WARN_EMPTY_BODY = YES;
				CLANG_WARN_ENUM_CONVERSION = YES;
				CLANG_WARN_INFINITE_RECURSION = YES;
				CLANG_WARN_INT_CONVERSION = YES;
				CLANG_WARN_NON_LITERAL_NULL_CONVERSION = YES;
				CLANG_WARN_OBJC_IMPLICIT_RETAIN_SELF = YES;
				CLANG_WARN_OBJC_LITERAL_CONVERSION = YES;
				CLANG_WARN_OBJC_ROOT_CLASS = YES_ERROR;
				CLANG_WARN_QUOTED_INCLUDE_IN_FRAMEWORK_HEADER = YES;
				CLANG_WARN_RANGE_LOOP_ANALYSIS = YES;
				CLANG_WARN_STRICT_PROTOTYPES = YES;
				CLANG_WARN_SUSPICIOUS_MOVE = YES;
				CLANG_WARN_UNGUARDED_AVAILABILITY = YES_AGGRESSIVE;
				CLANG_WARN_UNREACHABLE_CODE = YES;
				CLANG_WARN__DUPLICATE_METHOD_MATCH = YES;
				COPY_PHASE_STRIP = NO;
				DEBUG_INFORMATION_FORMAT = dwarf;
				ENABLE_STRICT_OBJC_MSGSEND = YES;
				ENABLE_TESTABILITY = YES;
				GCC_C_LANGUAGE_STANDARD = gnu11;
				GCC_DYNAMIC_NO_PIC = NO;
				GCC_NO_COMMON_BLOCKS = YES;
				GCC_OPTIMIZATION_LEVEL = 0;
				GCC_PREPROCESSOR_DEFINITIONS = (
					"DEBUG=1",
					"$(inherited)",
				);
				GCC_WARN_64_TO_32_BIT_CONVERSION = YES;
				GCC_WARN_ABOUT_RETURN_TYPE = YES_ERROR;
				GCC_WARN_UNDECLARED_SELECTOR = YES;
				GCC_WARN_UNINITIALIZED_AUTOS = YES_AGGRESSIVE;
				GCC_WARN_UNUSED_FUNCTION = YES;
				GCC_WARN_UNUSED_VARIABLE = YES;
				IPHONEOS_DEPLOYMENT_TARGET = 16.4;
				MTL_ENABLE_DEBUG_INFO = INCLUDE_SOURCE;
				MTL_FAST_MATH = YES;
				ONLY_ACTIVE_ARCH = YES;
				SDKROOT = iphoneos;
				SWIFT_ACTIVE_COMPILATION_CONDITIONS = DEBUG;
				SWIFT_OPTIMIZATION_LEVEL = "-Onone";
			};
			name = Debug;
		};
		F071D61E2A30B50D0070DFB4 /* Release */ = {
			isa = XCBuildConfiguration;
			buildSettings = {
				ALWAYS_SEARCH_USER_PATHS = NO;
				CLANG_ANALYZER_NONNULL = YES;
				CLANG_ANALYZER_NUMBER_OBJECT_CONVERSION = YES_AGGRESSIVE;
				CLANG_CXX_LANGUAGE_STANDARD = "gnu++20";
				CLANG_ENABLE_MODULES = YES;
				CLANG_ENABLE_OBJC_ARC = YES;
				CLANG_ENABLE_OBJC_WEAK = YES;
				CLANG_WARN_BLOCK_CAPTURE_AUTORELEASING = YES;
				CLANG_WARN_BOOL_CONVERSION = YES;
				CLANG_WARN_COMMA = YES;
				CLANG_WARN_CONSTANT_CONVERSION = YES;
				CLANG_WARN_DEPRECATED_OBJC_IMPLEMENTATIONS = YES;
				CLANG_WARN_DIRECT_OBJC_ISA_USAGE = YES_ERROR;
				CLANG_WARN_DOCUMENTATION_COMMENTS = YES;
				CLANG_WARN_EMPTY_BODY = YES;
				CLANG_WARN_ENUM_CONVERSION = YES;
				CLANG_WARN_INFINITE_RECURSION = YES;
				CLANG_WARN_INT_CONVERSION = YES;
				CLANG_WARN_NON_LITERAL_NULL_CONVERSION = YES;
				CLANG_WARN_OBJC_IMPLICIT_RETAIN_SELF = YES;
				CLANG_WARN_OBJC_LITERAL_CONVERSION = YES;
				CLANG_WARN_OBJC_ROOT_CLASS = YES_ERROR;
				CLANG_WARN_QUOTED_INCLUDE_IN_FRAMEWORK_HEADER = YES;
				CLANG_WARN_RANGE_LOOP_ANALYSIS = YES;
				CLANG_WARN_STRICT_PROTOTYPES = YES;
				CLANG_WARN_SUSPICIOUS_MOVE = YES;
				CLANG_WARN_UNGUARDED_AVAILABILITY = YES_AGGRESSIVE;
				CLANG_WARN_UNREACHABLE_CODE = YES;
				CLANG_WARN__DUPLICATE_METHOD_MATCH = YES;
				COPY_PHASE_STRIP = NO;
				DEBUG_INFORMATION_FORMAT = "dwarf-with-dsym";
				ENABLE_NS_ASSERTIONS = NO;
				ENABLE_STRICT_OBJC_MSGSEND = YES;
				GCC_C_LANGUAGE_STANDARD = gnu11;
				GCC_NO_COMMON_BLOCKS = YES;
				GCC_WARN_64_TO_32_BIT_CONVERSION = YES;
				GCC_WARN_ABOUT_RETURN_TYPE = YES_ERROR;
				GCC_WARN_UNDECLARED_SELECTOR = YES;
				GCC_WARN_UNINITIALIZED_AUTOS = YES_AGGRESSIVE;
				GCC_WARN_UNUSED_FUNCTION = YES;
				GCC_WARN_UNUSED_VARIABLE = YES;
				IPHONEOS_DEPLOYMENT_TARGET = 16.4;
				MTL_ENABLE_DEBUG_INFO = NO;
				MTL_FAST_MATH = YES;
				SDKROOT = iphoneos;
				SWIFT_COMPILATION_MODE = wholemodule;
				SWIFT_OPTIMIZATION_LEVEL = "-O";
				VALIDATE_PRODUCT = YES;
			};
			name = Release;
		};
		F071D6202A30B50D0070DFB4 /* Debug */ = {
			isa = XCBuildConfiguration;
			buildSettings = {
				ASSETCATALOG_COMPILER_APPICON_NAME = AppIcon;
				ASSETCATALOG_COMPILER_GLOBAL_ACCENT_COLOR_NAME = AccentColor;
				CODE_SIGN_STYLE = Automatic;
				CURRENT_PROJECT_VERSION = 1;
				DEVELOPMENT_TEAM = 78Y3UD747G;
				GENERATE_INFOPLIST_FILE = YES;
				INFOPLIST_FILE = Ekrem_Alkan_Helikanon_Case/Support/Info.plist;
				INFOPLIST_KEY_CFBundleDisplayName = MovieCase;
				INFOPLIST_KEY_UIApplicationSupportsIndirectInputEvents = YES;
				INFOPLIST_KEY_UILaunchStoryboardName = LaunchScreen;
				INFOPLIST_KEY_UISupportedInterfaceOrientations_iPad = "UIInterfaceOrientationPortrait UIInterfaceOrientationPortraitUpsideDown UIInterfaceOrientationLandscapeLeft UIInterfaceOrientationLandscapeRight";
				INFOPLIST_KEY_UISupportedInterfaceOrientations_iPhone = "UIInterfaceOrientationPortrait UIInterfaceOrientationLandscapeLeft UIInterfaceOrientationLandscapeRight";
				IPHONEOS_DEPLOYMENT_TARGET = 13.0;
				LD_RUNPATH_SEARCH_PATHS = (
					"$(inherited)",
					"@executable_path/Frameworks",
				);
				MARKETING_VERSION = 1.0.0;
				PRODUCT_BUNDLE_IDENTIFIER = "com.ekremalkan.Ekrem-Alkan-Helikanon-Case";
				PRODUCT_NAME = "$(TARGET_NAME)";
				SUPPORTED_PLATFORMS = "iphoneos iphonesimulator";
				SUPPORTS_MACCATALYST = NO;
				SUPPORTS_MAC_DESIGNED_FOR_IPHONE_IPAD = NO;
				SWIFT_EMIT_LOC_STRINGS = YES;
				SWIFT_VERSION = 5.0;
				TARGETED_DEVICE_FAMILY = 1;
			};
			name = Debug;
		};
		F071D6212A30B50D0070DFB4 /* Release */ = {
			isa = XCBuildConfiguration;
			buildSettings = {
				ASSETCATALOG_COMPILER_APPICON_NAME = AppIcon;
				ASSETCATALOG_COMPILER_GLOBAL_ACCENT_COLOR_NAME = AccentColor;
				CODE_SIGN_STYLE = Automatic;
				CURRENT_PROJECT_VERSION = 1;
				DEVELOPMENT_TEAM = 78Y3UD747G;
				GENERATE_INFOPLIST_FILE = YES;
				INFOPLIST_FILE = Ekrem_Alkan_Helikanon_Case/Support/Info.plist;
				INFOPLIST_KEY_CFBundleDisplayName = MovieCase;
				INFOPLIST_KEY_UIApplicationSupportsIndirectInputEvents = YES;
				INFOPLIST_KEY_UILaunchStoryboardName = LaunchScreen;
				INFOPLIST_KEY_UISupportedInterfaceOrientations_iPad = "UIInterfaceOrientationPortrait UIInterfaceOrientationPortraitUpsideDown UIInterfaceOrientationLandscapeLeft UIInterfaceOrientationLandscapeRight";
				INFOPLIST_KEY_UISupportedInterfaceOrientations_iPhone = "UIInterfaceOrientationPortrait UIInterfaceOrientationLandscapeLeft UIInterfaceOrientationLandscapeRight";
				IPHONEOS_DEPLOYMENT_TARGET = 13.0;
				LD_RUNPATH_SEARCH_PATHS = (
					"$(inherited)",
					"@executable_path/Frameworks",
				);
				MARKETING_VERSION = 1.0.0;
				PRODUCT_BUNDLE_IDENTIFIER = "com.ekremalkan.Ekrem-Alkan-Helikanon-Case";
				PRODUCT_NAME = "$(TARGET_NAME)";
				SUPPORTED_PLATFORMS = "iphoneos iphonesimulator";
				SUPPORTS_MACCATALYST = NO;
				SUPPORTS_MAC_DESIGNED_FOR_IPHONE_IPAD = NO;
				SWIFT_EMIT_LOC_STRINGS = YES;
				SWIFT_VERSION = 5.0;
				TARGETED_DEVICE_FAMILY = 1;
			};
			name = Release;
		};
/* End XCBuildConfiguration section */

/* Begin XCConfigurationList section */
		F071D6062A30B50C0070DFB4 /* Build configuration list for PBXProject "Ekrem_Alkan_Helikanon_Case" */ = {
			isa = XCConfigurationList;
			buildConfigurations = (
				F071D61D2A30B50D0070DFB4 /* Debug */,
				F071D61E2A30B50D0070DFB4 /* Release */,
			);
			defaultConfigurationIsVisible = 0;
			defaultConfigurationName = Release;
		};
		F071D61F2A30B50D0070DFB4 /* Build configuration list for PBXNativeTarget "Ekrem_Alkan_Helikanon_Case" */ = {
			isa = XCConfigurationList;
			buildConfigurations = (
				F071D6202A30B50D0070DFB4 /* Debug */,
				F071D6212A30B50D0070DFB4 /* Release */,
			);
			defaultConfigurationIsVisible = 0;
			defaultConfigurationName = Release;
		};
/* End XCConfigurationList section */

/* Begin XCRemoteSwiftPackageReference section */
		F071D6702A310E1C0070DFB4 /* XCRemoteSwiftPackageReference "Alamofire" */ = {
			isa = XCRemoteSwiftPackageReference;
			repositoryURL = "https://github.com/Alamofire/Alamofire.git";
			requirement = {
				kind = upToNextMajorVersion;
				minimumVersion = 5.0.0;
			};
		};
		F071D69C2A321B6E0070DFB4 /* XCRemoteSwiftPackageReference "youtube-ios-player-helper" */ = {
			isa = XCRemoteSwiftPackageReference;
			repositoryURL = "https://github.com/youtube/youtube-ios-player-helper.git";
			requirement = {
				kind = upToNextMajorVersion;
				minimumVersion = 1.0.0;
			};
		};
/* End XCRemoteSwiftPackageReference section */

/* Begin XCSwiftPackageProductDependency section */
		F071D6712A310E1C0070DFB4 /* Alamofire */ = {
			isa = XCSwiftPackageProductDependency;
			package = F071D6702A310E1C0070DFB4 /* XCRemoteSwiftPackageReference "Alamofire" */;
			productName = Alamofire;
		};
		F071D69D2A321B6E0070DFB4 /* YouTubeiOSPlayerHelper */ = {
			isa = XCSwiftPackageProductDependency;
			package = F071D69C2A321B6E0070DFB4 /* XCRemoteSwiftPackageReference "youtube-ios-player-helper" */;
			productName = YouTubeiOSPlayerHelper;
		};
/* End XCSwiftPackageProductDependency section */
	};
	rootObject = F071D6032A30B50C0070DFB4 /* Project object */;
}
